
Microsoft Visual Studio Solution File, Format Version 12.00
Project("{FAE04EC0-301F-11D3-BF4B-00C04F79EFBC}") = "VoiceBot", "VoiceBot\VoiceBot.csproj", "{47C618A6-970E-43E5-9B66-BD54F727D9AB}"
EndProject
Global
	GlobalSection(SolutionConfigurationPlatforms) = preSolution
		Debug|Any CPU = Debug|Any CPU
		Release|Any CPU = Release|Any CPU
	EndGlobalSection
	GlobalSection(ProjectConfigurationPlatforms) = postSolution
		{47C618A6-970E-43E5-9B66-BD54F727D9AB}.Debug|Any CPU.ActiveCfg = Debug|Any CPU
		{47C618A6-970E-43E5-9B66-BD54F727D9AB}.Debug|Any CPU.Build.0 = Debug|Any CPU
		{47C618A6-970E-43E5-9B66-BD54F727D9AB}.Release|Any CPU.ActiveCfg = Release|Any CPU
		{47C618A6-970E-43E5-9B66-BD54F727D9AB}.Release|Any CPU.Build.0 = Release|Any CPU
	EndGlobalSection
EndGlobal
